
Microsoft Visual Studio Solution File, Format Version 12.00
# Visual Studio Version 16
VisualStudioVersion = 16.0.30717.126
MinimumVisualStudioVersion = 10.0.40219.1
Project("{FAE04EC0-301F-11D3-BF4B-00C04F79EFBC}") = "Lecture1_Lesson1", "Lecture1_Lesson1\Lecture1_Lesson1.csproj", "{020E18B3-9BCA-4BAE-9884-A8D10DC410E2}"
EndProject
Project("{FAE04EC0-301F-11D3-BF4B-00C04F79EFBC}") = "Lecture2_Lesson1", "Lecture2_Lesson1\Lecture2_Lesson1.csproj", "{027E26CC-3BC4-4A65-9C2D-EEDD68C0D98C}"
EndProject
Project("{FAE04EC0-301F-11D3-BF4B-00C04F79EFBC}") = "Lecture3_Lesson1", "Lecture3_Lesson1\Lecture3_Lesson1.csproj", "{0F158D8E-C7BA-4ED3-839D-07DCCEE3B855}"
EndProject
Project("{FAE04EC0-301F-11D3-BF4B-00C04F79EFBC}") = "Lecture4_Lesson1", "Lecture4_Lesson1\Lecture4_Lesson1.csproj", "{287C3C71-A9EE-4E68-A711-89FAECB26496}"
EndProject
Project("{FAE04EC0-301F-11D3-BF4B-00C04F79EFBC}") = "Lecture5_Lesson1", "Lecture5_Lesson1\Lecture5_Lesson1.csproj", "{46EB4E97-FA6C-4406-8E72-10B25E7B5325}"
EndProject
Project("{FAE04EC0-301F-11D3-BF4B-00C04F79EFBC}") = "Lecture5_Lesson2", "Lecture5_Lesson2\Lecture5_Lesson2.csproj", "{9202A102-E718-4472-8D5A-DA1EE5A61146}"
EndProject
Project("{FAE04EC0-301F-11D3-BF4B-00C04F79EFBC}") = "Lecture7_Lesson1", "Lecture7_Lesson1\Lecture7_Lesson1.csproj", "{1BB89C76-3665-4D1A-A793-55BFA0281C11}"
EndProject
Project("{FAE04EC0-301F-11D3-BF4B-00C04F79EFBC}") = "Lecture9_Lesson1", "Lecture9_Lesson1\Lecture9_Lesson1.csproj", "{84874FFA-969C-43FF-B1FF-CF2E8AD2E054}"
EndProject
Project("{FAE04EC0-301F-11D3-BF4B-00C04F79EFBC}") = "CourseProject", "CourseProject\CourseProject.csproj", "{FC2DB5C7-5398-456A-A6CA-23FA44E4DAE5}"
EndProject
Project("{FAE04EC0-301F-11D3-BF4B-00C04F79EFBC}") = "Lecture10_Lesson1", "Lecture10_Lesson1\Lecture10_Lesson1.csproj", "{141AECDD-6B68-4AB1-AD26-D6DB2FA46CE2}"
EndProject
Project("{FAE04EC0-301F-11D3-BF4B-00C04F79EFBC}") = "Lecture10_Lesson2", "Lecture10_Lesson2\Lecture10_Lesson2.csproj", "{71E90C66-9663-4362-AA8A-B5C2A345EDDE}"
EndProject
Project("{FAE04EC0-301F-11D3-BF4B-00C04F79EFBC}") = "Lecture11_Lesson1", "Lecture11_Lesson1\Lecture11_Lesson1.csproj", "{27BD7641-660B-41EA-BAF4-4D74FFC3FD3B}"
EndProject
Project("{FAE04EC0-301F-11D3-BF4B-00C04F79EFBC}") = "Lecture16_Lesson1", "Lecture16_Lesson1\Lecture16_Lesson1.csproj", "{5440AEC0-92E1-46EB-B2C0-28AF2D186E57}"
EndProject
Project("{FAE04EC0-301F-11D3-BF4B-00C04F79EFBC}") = "Lecture18_Lesson1", "Lecture18_Lesson1\Lecture18_Lesson1.csproj", "{DD4EA7EF-8C65-440D-8C9E-F0115C5CCF5D}"
EndProject
Project("{FAE04EC0-301F-11D3-BF4B-00C04F79EFBC}") = "Lecture19_Lesson1", "Lecture19_Lesson1\Lecture19_Lesson1.csproj", "{53815076-C069-4F69-8EAC-F67409855CEA}"
EndProject
Project("{FAE04EC0-301F-11D3-BF4B-00C04F79EFBC}") = "Lecture21_MidtermRevision_1", "Lecture21_MidtermRevision_1\Lecture21_MidtermRevision_1.csproj", "{36310DC3-89DE-4DAB-A352-A83223AC3C60}"
EndProject
Project("{FAE04EC0-301F-11D3-BF4B-00C04F79EFBC}") = "Lecture20_Lesson1", "Lecture20_Lesson1\Lecture20_Lesson1.csproj", "{2CA45323-5C87-421D-8FA2-8432628124FE}"
EndProject
Project("{FAE04EC0-301F-11D3-BF4B-00C04F79EFBC}") = "Lecture22_MidtermExamRevision", "Lecture22_MidtermExamRevision\Lecture22_MidtermExamRevision.csproj", "{98660329-7A22-40E7-B073-04F26BAEF3EE}"
EndProject
Project("{FAE04EC0-301F-11D3-BF4B-00C04F79EFBC}") = "Lecture24_Lesson1", "Lecture24_Lesson1\Lecture24_Lesson1.csproj", "{99F5ED89-056D-4716-9711-1602563D1BB7}"
EndProject
Project("{FAE04EC0-301F-11D3-BF4B-00C04F79EFBC}") = "Lecture26_Lesson1", "Lecture26_Lesson1\Lecture26_Lesson1.csproj", "{E1D8B984-C78B-4F6B-BDEE-1AE0813326AB}"
EndProject
Project("{FAE04EC0-301F-11D3-BF4B-00C04F79EFBC}") = "Lecture27_Lesson1", "Lecture27_Lesson1\Lecture27_Lesson1.csproj", "{44F28A00-102E-497E-AD40-522309153E74}"
EndProject
Global
	GlobalSection(SolutionConfigurationPlatforms) = preSolution
		Debug|Any CPU = Debug|Any CPU
		Release|Any CPU = Release|Any CPU
	EndGlobalSection
	GlobalSection(ProjectConfigurationPlatforms) = postSolution
		{020E18B3-9BCA-4BAE-9884-A8D10DC410E2}.Debug|Any CPU.ActiveCfg = Debug|Any CPU
		{020E18B3-9BCA-4BAE-9884-A8D10DC410E2}.Debug|Any CPU.Build.0 = Debug|Any CPU
		{020E18B3-9BCA-4BAE-9884-A8D10DC410E2}.Release|Any CPU.ActiveCfg = Release|Any CPU
		{020E18B3-9BCA-4BAE-9884-A8D10DC410E2}.Release|Any CPU.Build.0 = Release|Any CPU
		{027E26CC-3BC4-4A65-9C2D-EEDD68C0D98C}.Debug|Any CPU.ActiveCfg = Debug|Any CPU
		{027E26CC-3BC4-4A65-9C2D-EEDD68C0D98C}.Debug|Any CPU.Build.0 = Debug|Any CPU
		{027E26CC-3BC4-4A65-9C2D-EEDD68C0D98C}.Release|Any CPU.ActiveCfg = Release|Any CPU
		{027E26CC-3BC4-4A65-9C2D-EEDD68C0D98C}.Release|Any CPU.Build.0 = Release|Any CPU
		{0F158D8E-C7BA-4ED3-839D-07DCCEE3B855}.Debug|Any CPU.ActiveCfg = Debug|Any CPU
		{0F158D8E-C7BA-4ED3-839D-07DCCEE3B855}.Debug|Any CPU.Build.0 = Debug|Any CPU
		{0F158D8E-C7BA-4ED3-839D-07DCCEE3B855}.Release|Any CPU.ActiveCfg = Release|Any CPU
		{0F158D8E-C7BA-4ED3-839D-07DCCEE3B855}.Release|Any CPU.Build.0 = Release|Any CPU
		{287C3C71-A9EE-4E68-A711-89FAECB26496}.Debug|Any CPU.ActiveCfg = Debug|Any CPU
		{287C3C71-A9EE-4E68-A711-89FAECB26496}.Debug|Any CPU.Build.0 = Debug|Any CPU
		{287C3C71-A9EE-4E68-A711-89FAECB26496}.Release|Any CPU.ActiveCfg = Release|Any CPU
		{287C3C71-A9EE-4E68-A711-89FAECB26496}.Release|Any CPU.Build.0 = Release|Any CPU
		{46EB4E97-FA6C-4406-8E72-10B25E7B5325}.Debug|Any CPU.ActiveCfg = Debug|Any CPU
		{46EB4E97-FA6C-4406-8E72-10B25E7B5325}.Debug|Any CPU.Build.0 = Debug|Any CPU
		{46EB4E97-FA6C-4406-8E72-10B25E7B5325}.Release|Any CPU.ActiveCfg = Release|Any CPU
		{46EB4E97-FA6C-4406-8E72-10B25E7B5325}.Release|Any CPU.Build.0 = Release|Any CPU
		{9202A102-E718-4472-8D5A-DA1EE5A61146}.Debug|Any CPU.ActiveCfg = Debug|Any CPU
		{9202A102-E718-4472-8D5A-DA1EE5A61146}.Debug|Any CPU.Build.0 = Debug|Any CPU
		{9202A102-E718-4472-8D5A-DA1EE5A61146}.Release|Any CPU.ActiveCfg = Release|Any CPU
		{9202A102-E718-4472-8D5A-DA1EE5A61146}.Release|Any CPU.Build.0 = Release|Any CPU
		{1BB89C76-3665-4D1A-A793-55BFA0281C11}.Debug|Any CPU.ActiveCfg = Debug|Any CPU
		{1BB89C76-3665-4D1A-A793-55BFA0281C11}.Debug|Any CPU.Build.0 = Debug|Any CPU
		{1BB89C76-3665-4D1A-A793-55BFA0281C11}.Release|Any CPU.ActiveCfg = Release|Any CPU
		{1BB89C76-3665-4D1A-A793-55BFA0281C11}.Release|Any CPU.Build.0 = Release|Any CPU
		{84874FFA-969C-43FF-B1FF-CF2E8AD2E054}.Debug|Any CPU.ActiveCfg = Debug|Any CPU
		{84874FFA-969C-43FF-B1FF-CF2E8AD2E054}.Debug|Any CPU.Build.0 = Debug|Any CPU
		{84874FFA-969C-43FF-B1FF-CF2E8AD2E054}.Release|Any CPU.ActiveCfg = Release|Any CPU
		{84874FFA-969C-43FF-B1FF-CF2E8AD2E054}.Release|Any CPU.Build.0 = Release|Any CPU
		{FC2DB5C7-5398-456A-A6CA-23FA44E4DAE5}.Debug|Any CPU.ActiveCfg = Debug|Any CPU
		{FC2DB5C7-5398-456A-A6CA-23FA44E4DAE5}.Debug|Any CPU.Build.0 = Debug|Any CPU
		{FC2DB5C7-5398-456A-A6CA-23FA44E4DAE5}.Release|Any CPU.ActiveCfg = Release|Any CPU
		{FC2DB5C7-5398-456A-A6CA-23FA44E4DAE5}.Release|Any CPU.Build.0 = Release|Any CPU
		{141AECDD-6B68-4AB1-AD26-D6DB2FA46CE2}.Debug|Any CPU.ActiveCfg = Debug|Any CPU
		{141AECDD-6B68-4AB1-AD26-D6DB2FA46CE2}.Debug|Any CPU.Build.0 = Debug|Any CPU
		{141AECDD-6B68-4AB1-AD26-D6DB2FA46CE2}.Release|Any CPU.ActiveCfg = Release|Any CPU
		{141AECDD-6B68-4AB1-AD26-D6DB2FA46CE2}.Release|Any CPU.Build.0 = Release|Any CPU
		{71E90C66-9663-4362-AA8A-B5C2A345EDDE}.Debug|Any CPU.ActiveCfg = Debug|Any CPU
		{71E90C66-9663-4362-AA8A-B5C2A345EDDE}.Debug|Any CPU.Build.0 = Debug|Any CPU
		{71E90C66-9663-4362-AA8A-B5C2A345EDDE}.Release|Any CPU.ActiveCfg = Release|Any CPU
		{71E90C66-9663-4362-AA8A-B5C2A345EDDE}.Release|Any CPU.Build.0 = Release|Any CPU
		{27BD7641-660B-41EA-BAF4-4D74FFC3FD3B}.Debug|Any CPU.ActiveCfg = Debug|Any CPU
		{27BD7641-660B-41EA-BAF4-4D74FFC3FD3B}.Debug|Any CPU.Build.0 = Debug|Any CPU
		{27BD7641-660B-41EA-BAF4-4D74FFC3FD3B}.Release|Any CPU.ActiveCfg = Release|Any CPU
		{27BD7641-660B-41EA-BAF4-4D74FFC3FD3B}.Release|Any CPU.Build.0 = Release|Any CPU
		{5440AEC0-92E1-46EB-B2C0-28AF2D186E57}.Debug|Any CPU.ActiveCfg = Debug|Any CPU
		{5440AEC0-92E1-46EB-B2C0-28AF2D186E57}.Debug|Any CPU.Build.0 = Debug|Any CPU
		{5440AEC0-92E1-46EB-B2C0-28AF2D186E57}.Release|Any CPU.ActiveCfg = Release|Any CPU
		{5440AEC0-92E1-46EB-B2C0-28AF2D186E57}.Release|Any CPU.Build.0 = Release|Any CPU
		{DD4EA7EF-8C65-440D-8C9E-F0115C5CCF5D}.Debug|Any CPU.ActiveCfg = Debug|Any CPU
		{DD4EA7EF-8C65-440D-8C9E-F0115C5CCF5D}.Debug|Any CPU.Build.0 = Debug|Any CPU
		{DD4EA7EF-8C65-440D-8C9E-F0115C5CCF5D}.Release|Any CPU.ActiveCfg = Release|Any CPU
		{DD4EA7EF-8C65-440D-8C9E-F0115C5CCF5D}.Release|Any CPU.Build.0 = Release|Any CPU
		{53815076-C069-4F69-8EAC-F67409855CEA}.Debug|Any CPU.ActiveCfg = Debug|Any CPU
		{53815076-C069-4F69-8EAC-F67409855CEA}.Debug|Any CPU.Build.0 = Debug|Any CPU
		{53815076-C069-4F69-8EAC-F67409855CEA}.Release|Any CPU.ActiveCfg = Release|Any CPU
		{53815076-C069-4F69-8EAC-F67409855CEA}.Release|Any CPU.Build.0 = Release|Any CPU
		{36310DC3-89DE-4DAB-A352-A83223AC3C60}.Debug|Any CPU.ActiveCfg = Debug|Any CPU
		{36310DC3-89DE-4DAB-A352-A83223AC3C60}.Debug|Any CPU.Build.0 = Debug|Any CPU
		{36310DC3-89DE-4DAB-A352-A83223AC3C60}.Release|Any CPU.ActiveCfg = Release|Any CPU
		{36310DC3-89DE-4DAB-A352-A83223AC3C60}.Release|Any CPU.Build.0 = Release|Any CPU
		{2CA45323-5C87-421D-8FA2-8432628124FE}.Debug|Any CPU.ActiveCfg = Debug|Any CPU
		{2CA45323-5C87-421D-8FA2-8432628124FE}.Debug|Any CPU.Build.0 = Debug|Any CPU
		{2CA45323-5C87-421D-8FA2-8432628124FE}.Release|Any CPU.ActiveCfg = Release|Any CPU
		{2CA45323-5C87-421D-8FA2-8432628124FE}.Release|Any CPU.Build.0 = Release|Any CPU
		{98660329-7A22-40E7-B073-04F26BAEF3EE}.Debug|Any CPU.ActiveCfg = Debug|Any CPU
		{98660329-7A22-40E7-B073-04F26BAEF3EE}.Debug|Any CPU.Build.0 = Debug|Any CPU
		{98660329-7A22-40E7-B073-04F26BAEF3EE}.Release|Any CPU.ActiveCfg = Release|Any CPU
		{98660329-7A22-40E7-B073-04F26BAEF3EE}.Release|Any CPU.Build.0 = Release|Any CPU
		{99F5ED89-056D-4716-9711-1602563D1BB7}.Debug|Any CPU.ActiveCfg = Debug|Any CPU
		{99F5ED89-056D-4716-9711-1602563D1BB7}.Debug|Any CPU.Build.0 = Debug|Any CPU
		{99F5ED89-056D-4716-9711-1602563D1BB7}.Release|Any CPU.ActiveCfg = Release|Any CPU
		{99F5ED89-056D-4716-9711-1602563D1BB7}.Release|Any CPU.Build.0 = Release|Any CPU
		{E1D8B984-C78B-4F6B-BDEE-1AE0813326AB}.Debug|Any CPU.ActiveCfg = Debug|Any CPU
		{E1D8B984-C78B-4F6B-BDEE-1AE0813326AB}.Debug|Any CPU.Build.0 = Debug|Any CPU
		{E1D8B984-C78B-4F6B-BDEE-1AE0813326AB}.Release|Any CPU.ActiveCfg = Release|Any CPU
		{E1D8B984-C78B-4F6B-BDEE-1AE0813326AB}.Release|Any CPU.Build.0 = Release|Any CPU
		{44F28A00-102E-497E-AD40-522309153E74}.Debug|Any CPU.ActiveCfg = Debug|Any CPU
		{44F28A00-102E-497E-AD40-522309153E74}.Debug|Any CPU.Build.0 = Debug|Any CPU
		{44F28A00-102E-497E-AD40-522309153E74}.Release|Any CPU.ActiveCfg = Release|Any CPU
		{44F28A00-102E-497E-AD40-522309153E74}.Release|Any CPU.Build.0 = Release|Any CPU
	EndGlobalSection
	GlobalSection(SolutionProperties) = preSolution
		HideSolutionNode = FALSE
	EndGlobalSection
	GlobalSection(ExtensibilityGlobals) = postSolution
		SolutionGuid = {CC986E24-30D1-4D26-9720-20BDE89DA3AF}
	EndGlobalSection
EndGlobal
